// !$*UTF8*$!
{
	archiveVersion = 1;
	classes = {
	};
	objectVersion = 70;
	objects = {

/* Begin PBXBuildFile section */
		11BA3D592B7C2AA9006477A7 /* obstacle_avoidanceApp.swift in Sources */ = {isa = PBXBuildFile; fileRef = 11BA3D582B7C2AA9006477A7 /* obstacle_avoidanceApp.swift */; };
		11BA3D5D2B7C2AAB006477A7 /* Assets.xcassets in Resources */ = {isa = PBXBuildFile; fileRef = 11BA3D5C2B7C2AAB006477A7 /* Assets.xcassets */; };
		11BA3D602B7C2AAB006477A7 /* Preview Assets.xcassets in Resources */ = {isa = PBXBuildFile; fileRef = 11BA3D5F2B7C2AAB006477A7 /* Preview Assets.xcassets */; };
		11BA3D6A2B7C2AAC006477A7 /* obstacle_avoidanceTests.swift in Sources */ = {isa = PBXBuildFile; fileRef = 11BA3D692B7C2AAC006477A7 /* obstacle_avoidanceTests.swift */; };
		11BA3D742B7C2AAC006477A7 /* obstacle_avoidanceUITests.swift in Sources */ = {isa = PBXBuildFile; fileRef = 11BA3D732B7C2AAC006477A7 /* obstacle_avoidanceUITests.swift */; };
		11BA3D762B7C2AAC006477A7 /* obstacle_avoidanceUITestsLaunchTests.swift in Sources */ = {isa = PBXBuildFile; fileRef = 11BA3D752B7C2AAC006477A7 /* obstacle_avoidanceUITestsLaunchTests.swift */; };
		5704262F2D935ECA00E1CEF2 /* .env in Resources */ = {isa = PBXBuildFile; fileRef = 5704262E2D935ECA00E1CEF2 /* .env */; };
		570426302D935ECA00E1CEF2 /* .env in Resources */ = {isa = PBXBuildFile; fileRef = 5704262E2D935ECA00E1CEF2 /* .env */; };
		57D5DF252D7B924800EC57F3 /* FramehandlerTest.swift in Sources */ = {isa = PBXBuildFile; fileRef = 57D5DF242D7B924800EC57F3 /* FramehandlerTest.swift */; };
		57D5DF2B2D7B92E000EC57F3 /* Auth in Frameworks */ = {isa = PBXBuildFile; productRef = 57D5DF2A2D7B92E000EC57F3 /* Auth */; };
		57D5DF2D2D7B92E000EC57F3 /* Functions in Frameworks */ = {isa = PBXBuildFile; productRef = 57D5DF2C2D7B92E000EC57F3 /* Functions */; };
		57D5DF2F2D7B92E000EC57F3 /* PostgREST in Frameworks */ = {isa = PBXBuildFile; productRef = 57D5DF2E2D7B92E000EC57F3 /* PostgREST */; };
		57D5DF312D7B92E000EC57F3 /* Realtime in Frameworks */ = {isa = PBXBuildFile; productRef = 57D5DF302D7B92E000EC57F3 /* Realtime */; };
		57D5DF332D7B92E000EC57F3 /* Storage in Frameworks */ = {isa = PBXBuildFile; productRef = 57D5DF322D7B92E000EC57F3 /* Storage */; };
		57D5DF352D7B92E000EC57F3 /* Supabase in Frameworks */ = {isa = PBXBuildFile; productRef = 57D5DF342D7B92E000EC57F3 /* Supabase */; };
		57D5DF3A2D7B95C600EC57F3 /* DatabaseTests.swift in Sources */ = {isa = PBXBuildFile; fileRef = 57D5DF392D7B95BE00EC57F3 /* DatabaseTests.swift */; };
		9150925B2D694E6800384E21 /* BoundingBoxViewTests.swift in Sources */ = {isa = PBXBuildFile; fileRef = 915092572D694E6800384E21 /* BoundingBoxViewTests.swift */; };
		9150925C2D694E6800384E21 /* NMSHandlerTests.swift in Sources */ = {isa = PBXBuildFile; fileRef = 915092582D694E6800384E21 /* NMSHandlerTests.swift */; };
		9150925E2D694EAF00384E21 /* SettingsViewTests.swift in Sources */ = {isa = PBXBuildFile; fileRef = 9150925D2D694EAF00384E21 /* SettingsViewTests.swift */; };
		9150929A2D7157D300384E21 /* ViewInspector in Frameworks */ = {isa = PBXBuildFile; productRef = 915092992D7157D300384E21 /* ViewInspector */; };
		917D06A12D68231A00F596D2 /* audioTetst.swift in Sources */ = {isa = PBXBuildFile; fileRef = 917D069E2D68231A00F596D2 /* audioTetst.swift */; };
		917D06A42D6823B800F596D2 /* Testing.framework in Frameworks */ = {isa = PBXBuildFile; fileRef = 917D06A32D6823B800F596D2 /* Testing.framework */; settings = {ATTRIBUTES = (Required, ); }; };
		917D06A52D6823B800F596D2 /* Testing.framework in Embed Frameworks */ = {isa = PBXBuildFile; fileRef = 917D06A32D6823B800F596D2 /* Testing.framework */; settings = {ATTRIBUTES = (RemoveHeadersOnCopy, ); }; };
		917D06A72D6823CC00F596D2 /* Testing.framework in Frameworks */ = {isa = PBXBuildFile; fileRef = 917D06A32D6823B800F596D2 /* Testing.framework */; platformFilter = ios; };
		917D06A82D6823CC00F596D2 /* Testing.framework in Embed Frameworks */ = {isa = PBXBuildFile; fileRef = 917D06A32D6823B800F596D2 /* Testing.framework */; platformFilter = ios; settings = {ATTRIBUTES = (RemoveHeadersOnCopy, ); }; };
		917D06AC2D6823FC00F596D2 /* DecisionBlockTest.swift in Sources */ = {isa = PBXBuildFile; fileRef = 917D06AA2D6823FC00F596D2 /* DecisionBlockTest.swift */; };
		91E8C45E2D7A898E00D0EAFF /* HeapModule in Frameworks */ = {isa = PBXBuildFile; productRef = 91E8C45D2D7A898E00D0EAFF /* HeapModule */; };
/* End PBXBuildFile section */

/* Begin PBXContainerItemProxy section */
		11BA3D662B7C2AAC006477A7 /* PBXContainerItemProxy */ = {
			isa = PBXContainerItemProxy;
			containerPortal = 11BA3D4D2B7C2AA9006477A7 /* Project object */;
			proxyType = 1;
			remoteGlobalIDString = 11BA3D542B7C2AA9006477A7;
			remoteInfo = obstacle_avoidance;
		};
		11BA3D702B7C2AAC006477A7 /* PBXContainerItemProxy */ = {
			isa = PBXContainerItemProxy;
			containerPortal = 11BA3D4D2B7C2AA9006477A7 /* Project object */;
			proxyType = 1;
			remoteGlobalIDString = 11BA3D542B7C2AA9006477A7;
			remoteInfo = obstacle_avoidance;
		};
/* End PBXContainerItemProxy section */

/* Begin PBXCopyFilesBuildPhase section */
		917D06A62D6823B800F596D2 /* Embed Frameworks */ = {
			isa = PBXCopyFilesBuildPhase;
			buildActionMask = 2147483647;
			dstPath = "";
			dstSubfolderSpec = 10;
			files = (
				917D06A52D6823B800F596D2 /* Testing.framework in Embed Frameworks */,
			);
			name = "Embed Frameworks";
			runOnlyForDeploymentPostprocessing = 0;
		};
		917D06A92D6823CC00F596D2 /* Embed Frameworks */ = {
			isa = PBXCopyFilesBuildPhase;
			buildActionMask = 2147483647;
			dstPath = "";
			dstSubfolderSpec = 10;
			files = (
				917D06A82D6823CC00F596D2 /* Testing.framework in Embed Frameworks */,
			);
			name = "Embed Frameworks";
			runOnlyForDeploymentPostprocessing = 0;
		};
/* End PBXCopyFilesBuildPhase section */

/* Begin PBXFileReference section */
		11BA3D552B7C2AA9006477A7 /* obstacle_avoidance.app */ = {isa = PBXFileReference; explicitFileType = wrapper.application; includeInIndex = 0; path = obstacle_avoidance.app; sourceTree = BUILT_PRODUCTS_DIR; };
		11BA3D582B7C2AA9006477A7 /* obstacle_avoidanceApp.swift */ = {isa = PBXFileReference; lastKnownFileType = sourcecode.swift; path = obstacle_avoidanceApp.swift; sourceTree = "<group>"; };
		11BA3D5C2B7C2AAB006477A7 /* Assets.xcassets */ = {isa = PBXFileReference; lastKnownFileType = folder.assetcatalog; path = Assets.xcassets; sourceTree = "<group>"; };
		11BA3D5F2B7C2AAB006477A7 /* Preview Assets.xcassets */ = {isa = PBXFileReference; lastKnownFileType = folder.assetcatalog; path = "Preview Assets.xcassets"; sourceTree = "<group>"; };
		11BA3D652B7C2AAC006477A7 /* obstacle_avoidanceTests.xctest */ = {isa = PBXFileReference; explicitFileType = wrapper.cfbundle; includeInIndex = 0; path = obstacle_avoidanceTests.xctest; sourceTree = BUILT_PRODUCTS_DIR; };
		11BA3D692B7C2AAC006477A7 /* obstacle_avoidanceTests.swift */ = {isa = PBXFileReference; lastKnownFileType = sourcecode.swift; path = obstacle_avoidanceTests.swift; sourceTree = "<group>"; };
		11BA3D6F2B7C2AAC006477A7 /* obstacle_avoidanceUITests.xctest */ = {isa = PBXFileReference; explicitFileType = wrapper.cfbundle; includeInIndex = 0; path = obstacle_avoidanceUITests.xctest; sourceTree = BUILT_PRODUCTS_DIR; };
		11BA3D732B7C2AAC006477A7 /* obstacle_avoidanceUITests.swift */ = {isa = PBXFileReference; lastKnownFileType = sourcecode.swift; path = obstacle_avoidanceUITests.swift; sourceTree = "<group>"; };
		11BA3D752B7C2AAC006477A7 /* obstacle_avoidanceUITestsLaunchTests.swift */ = {isa = PBXFileReference; lastKnownFileType = sourcecode.swift; path = obstacle_avoidanceUITestsLaunchTests.swift; sourceTree = "<group>"; };
		5704262E2D935ECA00E1CEF2 /* .env */ = {isa = PBXFileReference; lastKnownFileType = text; path = .env; sourceTree = "<group>"; };
		57D5DF242D7B924800EC57F3 /* FramehandlerTest.swift */ = {isa = PBXFileReference; lastKnownFileType = sourcecode.swift; path = FramehandlerTest.swift; sourceTree = "<group>"; };
		57D5DF392D7B95BE00EC57F3 /* DatabaseTests.swift */ = {isa = PBXFileReference; lastKnownFileType = sourcecode.swift; path = DatabaseTests.swift; sourceTree = "<group>"; };
		57D5DF7D2D9111C900EC57F3 /* README.md */ = {isa = PBXFileReference; lastKnownFileType = net.daringfireball.markdown; path = README.md; sourceTree = "<group>"; };
		57D5DF982D9116A300EC57F3 /* .gitignore */ = {isa = PBXFileReference; lastKnownFileType = text; path = .gitignore; sourceTree = "<group>"; };
		915092572D694E6800384E21 /* BoundingBoxViewTests.swift */ = {isa = PBXFileReference; lastKnownFileType = sourcecode.swift; path = BoundingBoxViewTests.swift; sourceTree = "<group>"; };
		915092582D694E6800384E21 /* NMSHandlerTests.swift */ = {isa = PBXFileReference; lastKnownFileType = sourcecode.swift; path = NMSHandlerTests.swift; sourceTree = "<group>"; };
		9150925D2D694EAF00384E21 /* SettingsViewTests.swift */ = {isa = PBXFileReference; lastKnownFileType = sourcecode.swift; path = SettingsViewTests.swift; sourceTree = "<group>"; };
		917D069E2D68231A00F596D2 /* audioTetst.swift */ = {isa = PBXFileReference; lastKnownFileType = sourcecode.swift; path = audioTetst.swift; sourceTree = "<group>"; };
		917D06A32D6823B800F596D2 /* Testing.framework */ = {isa = PBXFileReference; lastKnownFileType = wrapper.framework; name = Testing.framework; path = Platforms/iPhoneOS.platform/Developer/Library/Frameworks/Testing.framework; sourceTree = DEVELOPER_DIR; };
		917D06AA2D6823FC00F596D2 /* DecisionBlockTest.swift */ = {isa = PBXFileReference; lastKnownFileType = sourcecode.swift; path = DecisionBlockTest.swift; sourceTree = "<group>"; };
/* End PBXFileReference section */

/* Begin PBXFileSystemSynchronizedRootGroup section */
		1688B4922D051D8E00955C84 /* Presentation */ = {isa = PBXFileSystemSynchronizedRootGroup; explicitFileTypes = {}; explicitFolders = (); path = Presentation; sourceTree = "<group>"; };
		1688B4932D051DCF00955C84 /* Data */ = {isa = PBXFileSystemSynchronizedRootGroup; explicitFileTypes = {}; explicitFolders = (); path = Data; sourceTree = "<group>"; };
		1688B4942D051E1500955C84 /* Logic */ = {isa = PBXFileSystemSynchronizedRootGroup; explicitFileTypes = {}; explicitFolders = (); path = Logic; sourceTree = "<group>"; };
/* End PBXFileSystemSynchronizedRootGroup section */

/* Begin PBXFrameworksBuildPhase section */
		11BA3D622B7C2AAC006477A7 /* Frameworks */ = {
			isa = PBXFrameworksBuildPhase;
			buildActionMask = 2147483647;
			files = (
				917D06A42D6823B800F596D2 /* Testing.framework in Frameworks */,
				9150929A2D7157D300384E21 /* ViewInspector in Frameworks */,
			);
			runOnlyForDeploymentPostprocessing = 0;
		};
		11BA3D6C2B7C2AAC006477A7 /* Frameworks */ = {
			isa = PBXFrameworksBuildPhase;
			buildActionMask = 2147483647;
			files = (
				917D06A72D6823CC00F596D2 /* Testing.framework in Frameworks */,
			);
			runOnlyForDeploymentPostprocessing = 0;
		};
		91E8C45C2D7A898100D0EAFF /* Frameworks */ = {
			isa = PBXFrameworksBuildPhase;
			buildActionMask = 2147483647;
			files = (
				57D5DF352D7B92E000EC57F3 /* Supabase in Frameworks */,
				57D5DF332D7B92E000EC57F3 /* Storage in Frameworks */,
				57D5DF2F2D7B92E000EC57F3 /* PostgREST in Frameworks */,
				57D5DF2D2D7B92E000EC57F3 /* Functions in Frameworks */,
				57D5DF2B2D7B92E000EC57F3 /* Auth in Frameworks */,
				57D5DF312D7B92E000EC57F3 /* Realtime in Frameworks */,
				91E8C45E2D7A898E00D0EAFF /* HeapModule in Frameworks */,
			);
			runOnlyForDeploymentPostprocessing = 0;
		};
/* End PBXFrameworksBuildPhase section */

/* Begin PBXGroup section */
		11BA3D4C2B7C2AA9006477A7 = {
			isa = PBXGroup;
			children = (
				5704262E2D935ECA00E1CEF2 /* .env */,
				57D5DF7D2D9111C900EC57F3 /* README.md */,
				57D5DF982D9116A300EC57F3 /* .gitignore */,
				11BA3D572B7C2AA9006477A7 /* obstacle_avoidance */,
				917D069F2D68231A00F596D2 /* obstacle_avoidanceLogicTests */,
				11BA3D682B7C2AAC006477A7 /* obstacle_avoidanceTests */,
				11BA3D722B7C2AAC006477A7 /* obstacle_avoidanceUITests */,
				917D06A22D6823B800F596D2 /* Frameworks */,
				11BA3D562B7C2AA9006477A7 /* Products */,
			);
			sourceTree = "<group>";
		};
		11BA3D562B7C2AA9006477A7 /* Products */ = {
			isa = PBXGroup;
			children = (
				11BA3D552B7C2AA9006477A7 /* obstacle_avoidance.app */,
				11BA3D652B7C2AAC006477A7 /* obstacle_avoidanceTests.xctest */,
				11BA3D6F2B7C2AAC006477A7 /* obstacle_avoidanceUITests.xctest */,
			);
			name = Products;
			sourceTree = "<group>";
		};
		11BA3D572B7C2AA9006477A7 /* obstacle_avoidance */ = {
			isa = PBXGroup;
			children = (
				11BA3D582B7C2AA9006477A7 /* obstacle_avoidanceApp.swift */,
				1688B4922D051D8E00955C84 /* Presentation */,
				1688B4932D051DCF00955C84 /* Data */,
				1688B4942D051E1500955C84 /* Logic */,
				11BA3D5C2B7C2AAB006477A7 /* Assets.xcassets */,
				11BA3D5E2B7C2AAB006477A7 /* Preview Content */,
			);
			path = obstacle_avoidance;
			sourceTree = "<group>";
		};
		11BA3D5E2B7C2AAB006477A7 /* Preview Content */ = {
			isa = PBXGroup;
			children = (
				11BA3D5F2B7C2AAB006477A7 /* Preview Assets.xcassets */,
			);
			path = "Preview Content";
			sourceTree = "<group>";
		};
		11BA3D682B7C2AAC006477A7 /* obstacle_avoidanceTests */ = {
			isa = PBXGroup;
			children = (
				57D5DF392D7B95BE00EC57F3 /* DatabaseTests.swift */,
				9150925D2D694EAF00384E21 /* SettingsViewTests.swift */,
				915092572D694E6800384E21 /* BoundingBoxViewTests.swift */,
				915092582D694E6800384E21 /* NMSHandlerTests.swift */,
				11BA3D692B7C2AAC006477A7 /* obstacle_avoidanceTests.swift */,
			);
			path = obstacle_avoidanceTests;
			sourceTree = "<group>";
		};
		11BA3D722B7C2AAC006477A7 /* obstacle_avoidanceUITests */ = {
			isa = PBXGroup;
			children = (
				11BA3D732B7C2AAC006477A7 /* obstacle_avoidanceUITests.swift */,
				11BA3D752B7C2AAC006477A7 /* obstacle_avoidanceUITestsLaunchTests.swift */,
			);
			path = obstacle_avoidanceUITests;
			sourceTree = "<group>";
		};
		917D069F2D68231A00F596D2 /* obstacle_avoidanceLogicTests */ = {
			isa = PBXGroup;
			children = (
				57D5DF242D7B924800EC57F3 /* FramehandlerTest.swift */,
				917D069E2D68231A00F596D2 /* audioTetst.swift */,
				917D06AA2D6823FC00F596D2 /* DecisionBlockTest.swift */,
			);
			path = obstacle_avoidanceLogicTests;
			sourceTree = "<group>";
		};
		917D06A22D6823B800F596D2 /* Frameworks */ = {
			isa = PBXGroup;
			children = (
				917D06A32D6823B800F596D2 /* Testing.framework */,
			);
			name = Frameworks;
			sourceTree = "<group>";
		};
/* End PBXGroup section */

/* Begin PBXNativeTarget section */
		11BA3D542B7C2AA9006477A7 /* obstacle_avoidance */ = {
			isa = PBXNativeTarget;
			buildConfigurationList = 11BA3D792B7C2AAC006477A7 /* Build configuration list for PBXNativeTarget "obstacle_avoidance" */;
			buildPhases = (
				11BA3D512B7C2AA9006477A7 /* Sources */,
				11BA3D532B7C2AA9006477A7 /* Resources */,
				91E8C45C2D7A898100D0EAFF /* Frameworks */,
			);
			buildRules = (
			);
			dependencies = (
				915092A22D79696F00384E21 /* PBXTargetDependency */,
			);
			fileSystemSynchronizedGroups = (
				1688B4922D051D8E00955C84 /* Presentation */,
				1688B4932D051DCF00955C84 /* Data */,
				1688B4942D051E1500955C84 /* Logic */,
			);
			name = obstacle_avoidance;
			productName = obstacle_avoidance;
			productReference = 11BA3D552B7C2AA9006477A7 /* obstacle_avoidance.app */;
			productType = "com.apple.product-type.application";
		};
		11BA3D642B7C2AAC006477A7 /* obstacle_avoidanceTests */ = {
			isa = PBXNativeTarget;
			buildConfigurationList = 11BA3D7C2B7C2AAC006477A7 /* Build configuration list for PBXNativeTarget "obstacle_avoidanceTests" */;
			buildPhases = (
				11BA3D612B7C2AAC006477A7 /* Sources */,
				11BA3D622B7C2AAC006477A7 /* Frameworks */,
				11BA3D632B7C2AAC006477A7 /* Resources */,
				917D06A62D6823B800F596D2 /* Embed Frameworks */,
			);
			buildRules = (
			);
			dependencies = (
				91E8C4232D79A71500D0EAFF /* PBXTargetDependency */,
				915092982D7157A100384E21 /* PBXTargetDependency */,
				11BA3D672B7C2AAC006477A7 /* PBXTargetDependency */,
			);
			name = obstacle_avoidanceTests;
			productName = obstacle_avoidanceTests;
			productReference = 11BA3D652B7C2AAC006477A7 /* obstacle_avoidanceTests.xctest */;
			productType = "com.apple.product-type.bundle.unit-test";
		};
		11BA3D6E2B7C2AAC006477A7 /* obstacle_avoidanceUITests */ = {
			isa = PBXNativeTarget;
			buildConfigurationList = 11BA3D7F2B7C2AAC006477A7 /* Build configuration list for PBXNativeTarget "obstacle_avoidanceUITests" */;
			buildPhases = (
				11BA3D6B2B7C2AAC006477A7 /* Sources */,
				11BA3D6C2B7C2AAC006477A7 /* Frameworks */,
				11BA3D6D2B7C2AAC006477A7 /* Resources */,
				917D06A92D6823CC00F596D2 /* Embed Frameworks */,
			);
			buildRules = (
			);
			dependencies = (
				11BA3D712B7C2AAC006477A7 /* PBXTargetDependency */,
			);
			name = obstacle_avoidanceUITests;
			productName = obstacle_avoidanceUITests;
			productReference = 11BA3D6F2B7C2AAC006477A7 /* obstacle_avoidanceUITests.xctest */;
			productType = "com.apple.product-type.bundle.ui-testing";
		};
/* End PBXNativeTarget section */

/* Begin PBXProject section */
		11BA3D4D2B7C2AA9006477A7 /* Project object */ = {
			isa = PBXProject;
			attributes = {
				BuildIndependentTargetsInParallel = 1;
				LastSwiftUpdateCheck = 1520;
				LastUpgradeCheck = 1620;
				TargetAttributes = {
					11BA3D542B7C2AA9006477A7 = {
						CreatedOnToolsVersion = 15.2;
					};
					11BA3D642B7C2AAC006477A7 = {
						CreatedOnToolsVersion = 15.2;
						TestTargetID = 11BA3D542B7C2AA9006477A7;
					};
					11BA3D6E2B7C2AAC006477A7 = {
						CreatedOnToolsVersion = 15.2;
						TestTargetID = 11BA3D542B7C2AA9006477A7;
					};
				};
			};
			buildConfigurationList = 11BA3D502B7C2AA9006477A7 /* Build configuration list for PBXProject "obstacle_avoidance" */;
			compatibilityVersion = "Xcode 14.0";
			developmentRegion = en;
			hasScannedForEncodings = 0;
			knownRegions = (
				en,
				Base,
			);
			mainGroup = 11BA3D4C2B7C2AA9006477A7;
			packageReferences = (
				57F668792D6922DB00EF75D3 /* XCRemoteSwiftPackageReference "ViewInspector" */,
				9150929B2D7965BB00384E21 /* XCRemoteSwiftPackageReference "swift-collections" */,
				57D5DF292D7B92E000EC57F3 /* XCRemoteSwiftPackageReference "supabase-swift" */,
			);
			productRefGroup = 11BA3D562B7C2AA9006477A7 /* Products */;
			projectDirPath = "";
			projectRoot = "";
			targets = (
				11BA3D542B7C2AA9006477A7 /* obstacle_avoidance */,
				11BA3D642B7C2AAC006477A7 /* obstacle_avoidanceTests */,
				11BA3D6E2B7C2AAC006477A7 /* obstacle_avoidanceUITests */,
			);
		};
/* End PBXProject section */

/* Begin PBXResourcesBuildPhase section */
		11BA3D532B7C2AA9006477A7 /* Resources */ = {
			isa = PBXResourcesBuildPhase;
			buildActionMask = 2147483647;
			files = (
				570426302D935ECA00E1CEF2 /* .env in Resources */,
				11BA3D602B7C2AAB006477A7 /* Preview Assets.xcassets in Resources */,
				11BA3D5D2B7C2AAB006477A7 /* Assets.xcassets in Resources */,
			);
			runOnlyForDeploymentPostprocessing = 0;
		};
		11BA3D632B7C2AAC006477A7 /* Resources */ = {
			isa = PBXResourcesBuildPhase;
			buildActionMask = 2147483647;
			files = (
				5704262F2D935ECA00E1CEF2 /* .env in Resources */,
			);
			runOnlyForDeploymentPostprocessing = 0;
		};
		11BA3D6D2B7C2AAC006477A7 /* Resources */ = {
			isa = PBXResourcesBuildPhase;
			buildActionMask = 2147483647;
			files = (
			);
			runOnlyForDeploymentPostprocessing = 0;
		};
/* End PBXResourcesBuildPhase section */

/* Begin PBXSourcesBuildPhase section */
		11BA3D512B7C2AA9006477A7 /* Sources */ = {
			isa = PBXSourcesBuildPhase;
			buildActionMask = 2147483647;
			files = (
				11BA3D592B7C2AA9006477A7 /* obstacle_avoidanceApp.swift in Sources */,
			);
			runOnlyForDeploymentPostprocessing = 0;
		};
		11BA3D612B7C2AAC006477A7 /* Sources */ = {
			isa = PBXSourcesBuildPhase;
			buildActionMask = 2147483647;
			files = (
				917D06AC2D6823FC00F596D2 /* DecisionBlockTest.swift in Sources */,
				11BA3D6A2B7C2AAC006477A7 /* obstacle_avoidanceTests.swift in Sources */,
				9150925B2D694E6800384E21 /* BoundingBoxViewTests.swift in Sources */,
				9150925C2D694E6800384E21 /* NMSHandlerTests.swift in Sources */,
				57D5DF252D7B924800EC57F3 /* FramehandlerTest.swift in Sources */,
				917D06A12D68231A00F596D2 /* audioTetst.swift in Sources */,
				57D5DF3A2D7B95C600EC57F3 /* DatabaseTests.swift in Sources */,
				9150925E2D694EAF00384E21 /* SettingsViewTests.swift in Sources */,
			);
			runOnlyForDeploymentPostprocessing = 0;
		};
		11BA3D6B2B7C2AAC006477A7 /* Sources */ = {
			isa = PBXSourcesBuildPhase;
			buildActionMask = 2147483647;
			files = (
				11BA3D762B7C2AAC006477A7 /* obstacle_avoidanceUITestsLaunchTests.swift in Sources */,
				11BA3D742B7C2AAC006477A7 /* obstacle_avoidanceUITests.swift in Sources */,
			);
			runOnlyForDeploymentPostprocessing = 0;
		};
/* End PBXSourcesBuildPhase section */

/* Begin PBXTargetDependency section */
		11BA3D672B7C2AAC006477A7 /* PBXTargetDependency */ = {
			isa = PBXTargetDependency;
			target = 11BA3D542B7C2AA9006477A7 /* obstacle_avoidance */;
			targetProxy = 11BA3D662B7C2AAC006477A7 /* PBXContainerItemProxy */;
		};
		11BA3D712B7C2AAC006477A7 /* PBXTargetDependency */ = {
			isa = PBXTargetDependency;
			target = 11BA3D542B7C2AA9006477A7 /* obstacle_avoidance */;
			targetProxy = 11BA3D702B7C2AAC006477A7 /* PBXContainerItemProxy */;
		};
		915092982D7157A100384E21 /* PBXTargetDependency */ = {
			isa = PBXTargetDependency;
			productRef = 915092972D7157A100384E21 /* ViewInspector */;
		};
		915092A22D79696F00384E21 /* PBXTargetDependency */ = {
			isa = PBXTargetDependency;
			productRef = 915092A12D79696F00384E21 /* HeapModule */;
		};
		91E8C4232D79A71500D0EAFF /* PBXTargetDependency */ = {
			isa = PBXTargetDependency;
			productRef = 91E8C4222D79A71500D0EAFF /* HeapModule */;
		};
/* End PBXTargetDependency section */

/* Begin XCBuildConfiguration section */
		11BA3D772B7C2AAC006477A7 /* Debug */ = {
			isa = XCBuildConfiguration;
			buildSettings = {
				ALWAYS_SEARCH_USER_PATHS = NO;
				ASSETCATALOG_COMPILER_GENERATE_SWIFT_ASSET_SYMBOL_EXTENSIONS = YES;
				CLANG_ANALYZER_NONNULL = YES;
				CLANG_ANALYZER_NUMBER_OBJECT_CONVERSION = YES_AGGRESSIVE;
				CLANG_CXX_LANGUAGE_STANDARD = "gnu++20";
				CLANG_ENABLE_MODULES = YES;
				CLANG_ENABLE_OBJC_ARC = YES;
				CLANG_ENABLE_OBJC_WEAK = YES;
				CLANG_WARN_BLOCK_CAPTURE_AUTORELEASING = YES;
				CLANG_WARN_BOOL_CONVERSION = YES;
				CLANG_WARN_COMMA = YES;
				CLANG_WARN_CONSTANT_CONVERSION = YES;
				CLANG_WARN_DEPRECATED_OBJC_IMPLEMENTATIONS = YES;
				CLANG_WARN_DIRECT_OBJC_ISA_USAGE = YES_ERROR;
				CLANG_WARN_DOCUMENTATION_COMMENTS = YES;
				CLANG_WARN_EMPTY_BODY = YES;
				CLANG_WARN_ENUM_CONVERSION = YES;
				CLANG_WARN_INFINITE_RECURSION = YES;
				CLANG_WARN_INT_CONVERSION = YES;
				CLANG_WARN_NON_LITERAL_NULL_CONVERSION = YES;
				CLANG_WARN_OBJC_IMPLICIT_RETAIN_SELF = YES;
				CLANG_WARN_OBJC_LITERAL_CONVERSION = YES;
				CLANG_WARN_OBJC_ROOT_CLASS = YES_ERROR;
				CLANG_WARN_QUOTED_INCLUDE_IN_FRAMEWORK_HEADER = YES;
				CLANG_WARN_RANGE_LOOP_ANALYSIS = YES;
				CLANG_WARN_STRICT_PROTOTYPES = YES;
				CLANG_WARN_SUSPICIOUS_MOVE = YES;
				CLANG_WARN_UNGUARDED_AVAILABILITY = YES_AGGRESSIVE;
				CLANG_WARN_UNREACHABLE_CODE = YES;
				CLANG_WARN__DUPLICATE_METHOD_MATCH = YES;
				COPY_PHASE_STRIP = NO;
				DEBUG_INFORMATION_FORMAT = dwarf;
				ENABLE_STRICT_OBJC_MSGSEND = YES;
				ENABLE_TESTABILITY = YES;
				ENABLE_USER_SCRIPT_SANDBOXING = YES;
				GCC_C_LANGUAGE_STANDARD = gnu17;
				GCC_DYNAMIC_NO_PIC = NO;
				GCC_NO_COMMON_BLOCKS = YES;
				GCC_OPTIMIZATION_LEVEL = 0;
				GCC_PREPROCESSOR_DEFINITIONS = (
					"DEBUG=1",
					"$(inherited)",
				);
				GCC_WARN_64_TO_32_BIT_CONVERSION = YES;
				GCC_WARN_ABOUT_RETURN_TYPE = YES_ERROR;
				GCC_WARN_UNDECLARED_SELECTOR = YES;
				GCC_WARN_UNINITIALIZED_AUTOS = YES_AGGRESSIVE;
				GCC_WARN_UNUSED_FUNCTION = YES;
				GCC_WARN_UNUSED_VARIABLE = YES;
				IPHONEOS_DEPLOYMENT_TARGET = 17.2;
				LOCALIZATION_PREFERS_STRING_CATALOGS = YES;
				MTL_ENABLE_DEBUG_INFO = INCLUDE_SOURCE;
				MTL_FAST_MATH = YES;
				ONLY_ACTIVE_ARCH = YES;
				SDKROOT = iphoneos;
				SWIFT_ACTIVE_COMPILATION_CONDITIONS = "DEBUG $(inherited)";
				SWIFT_OPTIMIZATION_LEVEL = "-Onone";
			};
			name = Debug;
		};
		11BA3D782B7C2AAC006477A7 /* Release */ = {
			isa = XCBuildConfiguration;
			buildSettings = {
				ALWAYS_SEARCH_USER_PATHS = NO;
				ASSETCATALOG_COMPILER_GENERATE_SWIFT_ASSET_SYMBOL_EXTENSIONS = YES;
				CLANG_ANALYZER_NONNULL = YES;
				CLANG_ANALYZER_NUMBER_OBJECT_CONVERSION = YES_AGGRESSIVE;
				CLANG_CXX_LANGUAGE_STANDARD = "gnu++20";
				CLANG_ENABLE_MODULES = YES;
				CLANG_ENABLE_OBJC_ARC = YES;
				CLANG_ENABLE_OBJC_WEAK = YES;
				CLANG_WARN_BLOCK_CAPTURE_AUTORELEASING = YES;
				CLANG_WARN_BOOL_CONVERSION = YES;
				CLANG_WARN_COMMA = YES;
				CLANG_WARN_CONSTANT_CONVERSION = YES;
				CLANG_WARN_DEPRECATED_OBJC_IMPLEMENTATIONS = YES;
				CLANG_WARN_DIRECT_OBJC_ISA_USAGE = YES_ERROR;
				CLANG_WARN_DOCUMENTATION_COMMENTS = YES;
				CLANG_WARN_EMPTY_BODY = YES;
				CLANG_WARN_ENUM_CONVERSION = YES;
				CLANG_WARN_INFINITE_RECURSION = YES;
				CLANG_WARN_INT_CONVERSION = YES;
				CLANG_WARN_NON_LITERAL_NULL_CONVERSION = YES;
				CLANG_WARN_OBJC_IMPLICIT_RETAIN_SELF = YES;
				CLANG_WARN_OBJC_LITERAL_CONVERSION = YES;
				CLANG_WARN_OBJC_ROOT_CLASS = YES_ERROR;
				CLANG_WARN_QUOTED_INCLUDE_IN_FRAMEWORK_HEADER = YES;
				CLANG_WARN_RANGE_LOOP_ANALYSIS = YES;
				CLANG_WARN_STRICT_PROTOTYPES = YES;
				CLANG_WARN_SUSPICIOUS_MOVE = YES;
				CLANG_WARN_UNGUARDED_AVAILABILITY = YES_AGGRESSIVE;
				CLANG_WARN_UNREACHABLE_CODE = YES;
				CLANG_WARN__DUPLICATE_METHOD_MATCH = YES;
				COPY_PHASE_STRIP = NO;
				DEBUG_INFORMATION_FORMAT = "dwarf-with-dsym";
				ENABLE_NS_ASSERTIONS = NO;
				ENABLE_STRICT_OBJC_MSGSEND = YES;
				ENABLE_USER_SCRIPT_SANDBOXING = YES;
				GCC_C_LANGUAGE_STANDARD = gnu17;
				GCC_NO_COMMON_BLOCKS = YES;
				GCC_WARN_64_TO_32_BIT_CONVERSION = YES;
				GCC_WARN_ABOUT_RETURN_TYPE = YES_ERROR;
				GCC_WARN_UNDECLARED_SELECTOR = YES;
				GCC_WARN_UNINITIALIZED_AUTOS = YES_AGGRESSIVE;
				GCC_WARN_UNUSED_FUNCTION = YES;
				GCC_WARN_UNUSED_VARIABLE = YES;
				IPHONEOS_DEPLOYMENT_TARGET = 17.2;
				LOCALIZATION_PREFERS_STRING_CATALOGS = YES;
				MTL_ENABLE_DEBUG_INFO = NO;
				MTL_FAST_MATH = YES;
				SDKROOT = iphoneos;
				SWIFT_COMPILATION_MODE = wholemodule;
				VALIDATE_PRODUCT = YES;
			};
			name = Release;
		};
		11BA3D7A2B7C2AAC006477A7 /* Debug */ = {
			isa = XCBuildConfiguration;
			buildSettings = {
				ASSETCATALOG_COMPILER_APPICON_NAME = AppIcon;
				ASSETCATALOG_COMPILER_GLOBAL_ACCENT_COLOR_NAME = AccentColor;
				CODE_SIGN_STYLE = Automatic;
				CURRENT_PROJECT_VERSION = 1;
				DEVELOPMENT_ASSET_PATHS = "\"obstacle_avoidance/Preview Content\"";
				DEVELOPMENT_TEAM = CSN93PW64G;
				ENABLE_PREVIEWS = YES;
				GENERATE_INFOPLIST_FILE = YES;
				INFOPLIST_KEY_NSCameraUsageDescription = "Obstacle Avoidance would like to use your camera";
				INFOPLIST_KEY_UIApplicationSceneManifest_Generation = YES;
				INFOPLIST_KEY_UIApplicationSupportsIndirectInputEvents = YES;
				INFOPLIST_KEY_UILaunchScreen_Generation = YES;
				INFOPLIST_KEY_UISupportedInterfaceOrientations_iPad = "UIInterfaceOrientationPortrait UIInterfaceOrientationPortraitUpsideDown UIInterfaceOrientationLandscapeLeft UIInterfaceOrientationLandscapeRight";
				INFOPLIST_KEY_UISupportedInterfaceOrientations_iPhone = "UIInterfaceOrientationPortrait UIInterfaceOrientationLandscapeLeft UIInterfaceOrientationLandscapeRight";
				LD_RUNPATH_SEARCH_PATHS = (
					"$(inherited)",
					"@executable_path/Frameworks",
				);
				MARKETING_VERSION = 1.0;
				PRODUCT_BUNDLE_IDENTIFIER = ObstacleAvoidance25;
				PRODUCT_NAME = "$(TARGET_NAME)";
				SWIFT_EMIT_LOC_STRINGS = YES;
				SWIFT_SKIP_AUTOLINKING_FRAMEWORKS = "";
				SWIFT_VERSION = 5.0;
				TARGETED_DEVICE_FAMILY = "1,2";
			};
			name = Debug;
		};
		11BA3D7B2B7C2AAC006477A7 /* Release */ = {
			isa = XCBuildConfiguration;
			buildSettings = {
				ASSETCATALOG_COMPILER_APPICON_NAME = AppIcon;
				ASSETCATALOG_COMPILER_GLOBAL_ACCENT_COLOR_NAME = AccentColor;
				CODE_SIGN_STYLE = Automatic;
				CURRENT_PROJECT_VERSION = 1;
				DEVELOPMENT_ASSET_PATHS = "\"obstacle_avoidance/Preview Content\"";
				DEVELOPMENT_TEAM = CSN93PW64G;
				ENABLE_PREVIEWS = YES;
				GENERATE_INFOPLIST_FILE = YES;
				INFOPLIST_KEY_NSCameraUsageDescription = "Obstacle Avoidance would like to use your camera";
				INFOPLIST_KEY_UIApplicationSceneManifest_Generation = YES;
				INFOPLIST_KEY_UIApplicationSupportsIndirectInputEvents = YES;
				INFOPLIST_KEY_UILaunchScreen_Generation = YES;
				INFOPLIST_KEY_UISupportedInterfaceOrientations_iPad = "UIInterfaceOrientationPortrait UIInterfaceOrientationPortraitUpsideDown UIInterfaceOrientationLandscapeLeft UIInterfaceOrientationLandscapeRight";
				INFOPLIST_KEY_UISupportedInterfaceOrientations_iPhone = "UIInterfaceOrientationPortrait UIInterfaceOrientationLandscapeLeft UIInterfaceOrientationLandscapeRight";
				LD_RUNPATH_SEARCH_PATHS = (
					"$(inherited)",
					"@executable_path/Frameworks",
				);
				MARKETING_VERSION = 1.0;
				PRODUCT_BUNDLE_IDENTIFIER = ObstacleAvoidance25;
				PRODUCT_NAME = "$(TARGET_NAME)";
				SWIFT_EMIT_LOC_STRINGS = YES;
				SWIFT_SKIP_AUTOLINKING_FRAMEWORKS = "";
				SWIFT_VERSION = 5.0;
				TARGETED_DEVICE_FAMILY = "1,2";
			};
			name = Release;
		};
		11BA3D7D2B7C2AAC006477A7 /* Debug */ = {
			isa = XCBuildConfiguration;
			buildSettings = {
				BUNDLE_LOADER = "$(TEST_HOST)";
				"CODE_SIGN_IDENTITY[sdk=macosx*]" = "-";
				CODE_SIGN_STYLE = Automatic;
				CURRENT_PROJECT_VERSION = 1;
				DEVELOPMENT_TEAM = 5JDQ9ZJKCM;
				GENERATE_INFOPLIST_FILE = YES;
				IPHONEOS_DEPLOYMENT_TARGET = 17.2;
				MARKETING_VERSION = 1.0;
				PRODUCT_BUNDLE_IDENTIFIER = "school.obstacle-avoidanceTests";
				PRODUCT_NAME = "$(TARGET_NAME)";
				SWIFT_EMIT_LOC_STRINGS = NO;
				SWIFT_VERSION = 5.0;
				TARGETED_DEVICE_FAMILY = "1,2";
				TEST_HOST = "$(BUILT_PRODUCTS_DIR)/obstacle_avoidance.app/$(BUNDLE_EXECUTABLE_FOLDER_PATH)/obstacle_avoidance";
			};
			name = Debug;
		};
		11BA3D7E2B7C2AAC006477A7 /* Release */ = {
			isa = XCBuildConfiguration;
			buildSettings = {
				BUNDLE_LOADER = "$(TEST_HOST)";
				"CODE_SIGN_IDENTITY[sdk=macosx*]" = "-";
				CODE_SIGN_STYLE = Automatic;
				CURRENT_PROJECT_VERSION = 1;
				DEVELOPMENT_TEAM = 5JDQ9ZJKCM;
				GENERATE_INFOPLIST_FILE = YES;
				IPHONEOS_DEPLOYMENT_TARGET = 17.2;
				MARKETING_VERSION = 1.0;
				PRODUCT_BUNDLE_IDENTIFIER = "school.obstacle-avoidanceTests";
				PRODUCT_NAME = "$(TARGET_NAME)";
				SWIFT_EMIT_LOC_STRINGS = NO;
				SWIFT_VERSION = 5.0;
				TARGETED_DEVICE_FAMILY = "1,2";
				TEST_HOST = "$(BUILT_PRODUCTS_DIR)/obstacle_avoidance.app/$(BUNDLE_EXECUTABLE_FOLDER_PATH)/obstacle_avoidance";
			};
			name = Release;
		};
		11BA3D802B7C2AAC006477A7 /* Debug */ = {
			isa = XCBuildConfiguration;
			buildSettings = {
				"CODE_SIGN_IDENTITY[sdk=macosx*]" = "-";
				CODE_SIGN_STYLE = Automatic;
				CURRENT_PROJECT_VERSION = 1;
				DEVELOPMENT_TEAM = 5JDQ9ZJKCM;
				GENERATE_INFOPLIST_FILE = YES;
				MARKETING_VERSION = 1.0;
				PRODUCT_BUNDLE_IDENTIFIER = "school.obstacle-avoidanceUITest";
				PRODUCT_NAME = "$(TARGET_NAME)";
				SWIFT_EMIT_LOC_STRINGS = NO;
				SWIFT_VERSION = 5.0;
				TARGETED_DEVICE_FAMILY = "1,2";
				TEST_TARGET_NAME = obstacle_avoidance;
			};
			name = Debug;
		};
		11BA3D812B7C2AAC006477A7 /* Release */ = {
			isa = XCBuildConfiguration;
			buildSettings = {
				"CODE_SIGN_IDENTITY[sdk=macosx*]" = "-";
				CODE_SIGN_STYLE = Automatic;
				CURRENT_PROJECT_VERSION = 1;
				DEVELOPMENT_TEAM = 5JDQ9ZJKCM;
				GENERATE_INFOPLIST_FILE = YES;
				MARKETING_VERSION = 1.0;
				PRODUCT_BUNDLE_IDENTIFIER = "school.obstacle-avoidanceUITest";
				PRODUCT_NAME = "$(TARGET_NAME)";
				SWIFT_EMIT_LOC_STRINGS = NO;
				SWIFT_VERSION = 5.0;
				TARGETED_DEVICE_FAMILY = "1,2";
				TEST_TARGET_NAME = obstacle_avoidance;
			};
			name = Release;
		};
/* End XCBuildConfiguration section */

/* Begin XCConfigurationList section */
		11BA3D502B7C2AA9006477A7 /* Build configuration list for PBXProject "obstacle_avoidance" */ = {
			isa = XCConfigurationList;
			buildConfigurations = (
				11BA3D772B7C2AAC006477A7 /* Debug */,
				11BA3D782B7C2AAC006477A7 /* Release */,
			);
			defaultConfigurationIsVisible = 0;
			defaultConfigurationName = Release;
		};
		11BA3D792B7C2AAC006477A7 /* Build configuration list for PBXNativeTarget "obstacle_avoidance" */ = {
			isa = XCConfigurationList;
			buildConfigurations = (
				11BA3D7A2B7C2AAC006477A7 /* Debug */,
				11BA3D7B2B7C2AAC006477A7 /* Release */,
			);
			defaultConfigurationIsVisible = 0;
			defaultConfigurationName = Release;
		};
		11BA3D7C2B7C2AAC006477A7 /* Build configuration list for PBXNativeTarget "obstacle_avoidanceTests" */ = {
			isa = XCConfigurationList;
			buildConfigurations = (
				11BA3D7D2B7C2AAC006477A7 /* Debug */,
				11BA3D7E2B7C2AAC006477A7 /* Release */,
			);
			defaultConfigurationIsVisible = 0;
			defaultConfigurationName = Release;
		};
		11BA3D7F2B7C2AAC006477A7 /* Build configuration list for PBXNativeTarget "obstacle_avoidanceUITests" */ = {
			isa = XCConfigurationList;
			buildConfigurations = (
				11BA3D802B7C2AAC006477A7 /* Debug */,
				11BA3D812B7C2AAC006477A7 /* Release */,
			);
			defaultConfigurationIsVisible = 0;
			defaultConfigurationName = Release;
		};
/* End XCConfigurationList section */

/* Begin XCRemoteSwiftPackageReference section */
		57D5DF292D7B92E000EC57F3 /* XCRemoteSwiftPackageReference "supabase-swift" */ = {
			isa = XCRemoteSwiftPackageReference;
			repositoryURL = "https://github.com/supabase-community/supabase-swift";
			requirement = {
				kind = upToNextMajorVersion;
				minimumVersion = 2.5.1;
			};
		};
		57F668792D6922DB00EF75D3 /* XCRemoteSwiftPackageReference "ViewInspector" */ = {
			isa = XCRemoteSwiftPackageReference;
			repositoryURL = "https://github.com/nalexn/ViewInspector";
			requirement = {
				kind = upToNextMajorVersion;
				minimumVersion = 0.10.1;
			};
		};
		9150929B2D7965BB00384E21 /* XCRemoteSwiftPackageReference "swift-collections" */ = {
			isa = XCRemoteSwiftPackageReference;
			repositoryURL = "https://github.com/apple/swift-collections.git";
			requirement = {
				kind = upToNextMajorVersion;
				minimumVersion = 1.1.4;
			};
		};
/* End XCRemoteSwiftPackageReference section */

/* Begin XCSwiftPackageProductDependency section */
		57D5DF2A2D7B92E000EC57F3 /* Auth */ = {
			isa = XCSwiftPackageProductDependency;
			package = 57D5DF292D7B92E000EC57F3 /* XCRemoteSwiftPackageReference "supabase-swift" */;
			productName = Auth;
		};
		57D5DF2C2D7B92E000EC57F3 /* Functions */ = {
			isa = XCSwiftPackageProductDependency;
			package = 57D5DF292D7B92E000EC57F3 /* XCRemoteSwiftPackageReference "supabase-swift" */;
			productName = Functions;
		};
		57D5DF2E2D7B92E000EC57F3 /* PostgREST */ = {
			isa = XCSwiftPackageProductDependency;
			package = 57D5DF292D7B92E000EC57F3 /* XCRemoteSwiftPackageReference "supabase-swift" */;
			productName = PostgREST;
		};
		57D5DF302D7B92E000EC57F3 /* Realtime */ = {
			isa = XCSwiftPackageProductDependency;
			package = 57D5DF292D7B92E000EC57F3 /* XCRemoteSwiftPackageReference "supabase-swift" */;
			productName = Realtime;
		};
		57D5DF322D7B92E000EC57F3 /* Storage */ = {
			isa = XCSwiftPackageProductDependency;
			package = 57D5DF292D7B92E000EC57F3 /* XCRemoteSwiftPackageReference "supabase-swift" */;
			productName = Storage;
		};
		57D5DF342D7B92E000EC57F3 /* Supabase */ = {
			isa = XCSwiftPackageProductDependency;
			package = 57D5DF292D7B92E000EC57F3 /* XCRemoteSwiftPackageReference "supabase-swift" */;
			productName = Supabase;
		};
		915092972D7157A100384E21 /* ViewInspector */ = {
			isa = XCSwiftPackageProductDependency;
			package = 57F668792D6922DB00EF75D3 /* XCRemoteSwiftPackageReference "ViewInspector" */;
			productName = ViewInspector;
		};
		915092992D7157D300384E21 /* ViewInspector */ = {
			isa = XCSwiftPackageProductDependency;
			package = 57F668792D6922DB00EF75D3 /* XCRemoteSwiftPackageReference "ViewInspector" */;
			productName = ViewInspector;
		};
		915092A12D79696F00384E21 /* HeapModule */ = {
			isa = XCSwiftPackageProductDependency;
			package = 9150929B2D7965BB00384E21 /* XCRemoteSwiftPackageReference "swift-collections" */;
			productName = HeapModule;
		};
		91E8C4222D79A71500D0EAFF /* HeapModule */ = {
			isa = XCSwiftPackageProductDependency;
			package = 9150929B2D7965BB00384E21 /* XCRemoteSwiftPackageReference "swift-collections" */;
			productName = HeapModule;
		};
		91E8C45D2D7A898E00D0EAFF /* HeapModule */ = {
			isa = XCSwiftPackageProductDependency;
			package = 9150929B2D7965BB00384E21 /* XCRemoteSwiftPackageReference "swift-collections" */;
			productName = HeapModule;
		};
/* End XCSwiftPackageProductDependency section */
	};
	rootObject = 11BA3D4D2B7C2AA9006477A7 /* Project object */;
}
